
Microsoft Visual Studio Solution File, Format Version 12.00
# Visual Studio Version 17
VisualStudioVersion = 17.3.32901.215
MinimumVisualStudioVersion = 10.0.40219.1
Project("{FAE04EC0-301F-11D3-BF4B-00C04F79EFBC}") = "SQLConn", "SQLConn\SQLConn.csproj", "{A7A8F347-7C82-484F-B377-517A3DC815AA}"
EndProject
Global
	GlobalSection(SolutionConfigurationPlatforms) = preSolution
		Debug|Any CPU = Debug|Any CPU
		Release|Any CPU = Release|Any CPU
	EndGlobalSection
	GlobalSection(ProjectConfigurationPlatforms) = postSolution
		{A7A8F347-7C82-484F-B377-517A3DC815AA}.Debug|Any CPU.ActiveCfg = Debug|Any CPU
		{A7A8F347-7C82-484F-B377-517A3DC815AA}.Debug|Any CPU.Build.0 = Debug|Any CPU
		{A7A8F347-7C82-484F-B377-517A3DC815AA}.Release|Any CPU.ActiveCfg = Release|Any CPU
		{A7A8F347-7C82-484F-B377-517A3DC815AA}.Release|Any CPU.Build.0 = Release|Any CPU
	EndGlobalSection
	GlobalSection(SolutionProperties) = preSolution
		HideSolutionNode = FALSE
	EndGlobalSection
	GlobalSection(ExtensibilityGlobals) = postSolution
		SolutionGuid = {2FF2437B-664A-4285-8EBD-9222BF757614}
	EndGlobalSection
EndGlobal
